// !$*UTF8*$!
{
	archiveVersion = 1;
	classes = {
	};
	objectVersion = 46;
	objects = {

/* Begin PBXBuildFile section */
		B33E0E5E1A6651AC00D85C17 /* main.m in Sources */ = {isa = PBXBuildFile; fileRef = B33E0E5D1A6651AC00D85C17 /* main.m */; };
		B33E0E611A6651AC00D85C17 /* AppDelegate.m in Sources */ = {isa = PBXBuildFile; fileRef = B33E0E601A6651AC00D85C17 /* AppDelegate.m */; };
		B33E0E641A6651AC00D85C17 /* ViewController.m in Sources */ = {isa = PBXBuildFile; fileRef = B33E0E631A6651AC00D85C17 /* ViewController.m */; };
		B33E0E671A6651AC00D85C17 /* Main.storyboard in Resources */ = {isa = PBXBuildFile; fileRef = B33E0E651A6651AC00D85C17 /* Main.storyboard */; };
		B33E0E691A6651AC00D85C17 /* Images.xcassets in Resources */ = {isa = PBXBuildFile; fileRef = B33E0E681A6651AC00D85C17 /* Images.xcassets */; };
		B33E0E6C1A6651AC00D85C17 /* LaunchScreen.xib in Resources */ = {isa = PBXBuildFile; fileRef = B33E0E6A1A6651AC00D85C17 /* LaunchScreen.xib */; };
		B33E0E781A6651AC00D85C17 /* MyFirstAppTests.m in Sources */ = {isa = PBXBuildFile; fileRef = B33E0E771A6651AC00D85C17 /* MyFirstAppTests.m */; };
/* End PBXBuildFile section */

/* Begin PBXContainerItemProxy section */
		B33E0E721A6651AC00D85C17 /* PBXContainerItemProxy */ = {
			isa = PBXContainerItemProxy;
			containerPortal = B33E0E501A6651AC00D85C17 /* Project object */;
			proxyType = 1;
			remoteGlobalIDString = B33E0E571A6651AC00D85C17;
			remoteInfo = MyFirstApp;
		};
/* End PBXContainerItemProxy section */

/* Begin PBXFileReference section */
		B33E0E581A6651AC00D85C17 /* MyFirstApp.app */ = {isa = PBXFileReference; explicitFileType = wrapper.application; includeInIndex = 0; path = MyFirstApp.app; sourceTree = BUILT_PRODUCTS_DIR; };
		B33E0E5C1A6651AC00D85C17 /* Info.plist */ = {isa = PBXFileReference; lastKnownFileType = text.plist.xml; path = Info.plist; sourceTree = "<group>"; };
		B33E0E5D1A6651AC00D85C17 /* main.m */ = {isa = PBXFileReference; lastKnownFileType = sourcecode.c.objc; path = main.m; sourceTree = "<group>"; };
		B33E0E5F1A6651AC00D85C17 /* AppDelegate.h */ = {isa = PBXFileReference; lastKnownFileType = sourcecode.c.h; path = AppDelegate.h; sourceTree = "<group>"; };
		B33E0E601A6651AC00D85C17 /* AppDelegate.m */ = {isa = PBXFileReference; lastKnownFileType = sourcecode.c.objc; path = AppDelegate.m; sourceTree = "<group>"; };
		B33E0E621A6651AC00D85C17 /* ViewController.h */ = {isa = PBXFileReference; lastKnownFileType = sourcecode.c.h; path = ViewController.h; sourceTree = "<group>"; };
		B33E0E631A6651AC00D85C17 /* ViewController.m */ = {isa = PBXFileReference; lastKnownFileType = sourcecode.c.objc; path = ViewController.m; sourceTree = "<group>"; };
		B33E0E661A6651AC00D85C17 /* Base */ = {isa = PBXFileReference; lastKnownFileType = file.storyboard; name = Base; path = Base.lproj/Main.storyboard; sourceTree = "<group>"; };
		B33E0E681A6651AC00D85C17 /* Images.xcassets */ = {isa = PBXFileReference; lastKnownFileType = folder.assetcatalog; path = Images.xcassets; sourceTree = "<group>"; };
		B33E0E6B1A6651AC00D85C17 /* Base */ = {isa = PBXFileReference; lastKnownFileType = file.xib; name = Base; path = Base.lproj/LaunchScreen.xib; sourceTree = "<group>"; };
		B33E0E711A6651AC00D85C17 /* MyFirstAppTests.xctest */ = {isa = PBXFileReference; explicitFileType = wrapper.cfbundle; includeInIndex = 0; path = MyFirstAppTests.xctest; sourceTree = BUILT_PRODUCTS_DIR; };
		B33E0E761A6651AC00D85C17 /* Info.plist */ = {isa = PBXFileReference; lastKnownFileType = text.plist.xml; path = Info.plist; sourceTree = "<group>"; };
		B33E0E771A6651AC00D85C17 /* MyFirstAppTests.m */ = {isa = PBXFileReference; lastKnownFileType = sourcecode.c.objc; path = MyFirstAppTests.m; sourceTree = "<group>"; };
/* End PBXFileReference section */

/* Begin PBXFrameworksBuildPhase section */
		B33E0E551A6651AC00D85C17 /* Frameworks */ = {
			isa = PBXFrameworksBuildPhase;
			buildActionMask = 2147483647;
			files = (
			);
			runOnlyForDeploymentPostprocessing = 0;
		};
		B33E0E6E1A6651AC00D85C17 /* Frameworks */ = {
			isa = PBXFrameworksBuildPhase;
			buildActionMask = 2147483647;
			files = (
			);
			runOnlyForDeploymentPostprocessing = 0;
		};
/* End PBXFrameworksBuildPhase section */

/* Begin PBXGroup section */
		B33E0E4F1A6651AC00D85C17 = {
			isa = PBXGroup;
			children = (
				B33E0E5A1A6651AC00D85C17 /* MyFirstApp */,
				B33E0E741A6651AC00D85C17 /* MyFirstAppTests */,
				B33E0E591A6651AC00D85C17 /* Products */,
			);
			sourceTree = "<group>";
		};
		B33E0E591A6651AC00D85C17 /* Products */ = {
			isa = PBXGroup;
			children = (
				B33E0E581A6651AC00D85C17 /* MyFirstApp.app */,
				B33E0E711A6651AC00D85C17 /* MyFirstAppTests.xctest */,
			);
			name = Products;
			sourceTree = "<group>";
		};
		B33E0E5A1A6651AC00D85C17 /* MyFirstApp */ = {
			isa = PBXGroup;
			children = (
				B33E0E5F1A6651AC00D85C17 /* AppDelegate.h */,
				B33E0E601A6651AC00D85C17 /* AppDelegate.m */,
				B33E0E621A6651AC00D85C17 /* ViewController.h */,
				B33E0E631A6651AC00D85C17 /* ViewController.m */,
				B33E0E651A6651AC00D85C17 /* Main.storyboard */,
				B33E0E681A6651AC00D85C17 /* Images.xcassets */,
				B33E0E6A1A6651AC00D85C17 /* LaunchScreen.xib */,
				B33E0E5B1A6651AC00D85C17 /* Supporting Files */,
			);
			path = MyFirstApp;
			sourceTree = "<group>";
		};
		B33E0E5B1A6651AC00D85C17 /* Supporting Files */ = {
			isa = PBXGroup;
			children = (
				B33E0E5C1A6651AC00D85C17 /* Info.plist */,
				B33E0E5D1A6651AC00D85C17 /* main.m */,
			);
			name = "Supporting Files";
			sourceTree = "<group>";
		};
		B33E0E741A6651AC00D85C17 /* MyFirstAppTests */ = {
			isa = PBXGroup;
			children = (
				B33E0E771A6651AC00D85C17 /* MyFirstAppTests.m */,
				B33E0E751A6651AC00D85C17 /* Supporting Files */,
			);
			path = MyFirstAppTests;
			sourceTree = "<group>";
		};
		B33E0E751A6651AC00D85C17 /* Supporting Files */ = {
			isa = PBXGroup;
			children = (
				B33E0E761A6651AC00D85C17 /* Info.plist */,
			);
			name = "Supporting Files";
			sourceTree = "<group>";
		};
/* End PBXGroup section */

/* Begin PBXNativeTarget section */
		B33E0E571A6651AC00D85C17 /* MyFirstApp */ = {
			isa = PBXNativeTarget;
			buildConfigurationList = B33E0E7B1A6651AC00D85C17 /* Build configuration list for PBXNativeTarget "MyFirstApp" */;
			buildPhases = (
				B33E0E541A6651AC00D85C17 /* Sources */,
				B33E0E551A6651AC00D85C17 /* Frameworks */,
				B33E0E561A6651AC00D85C17 /* Resources */,
			);
			buildRules = (
			);
			dependencies = (
			);
			name = MyFirstApp;
			productName = MyFirstApp;
			productReference = B33E0E581A6651AC00D85C17 /* MyFirstApp.app */;
			productType = "com.apple.product-type.application";
		};
		B33E0E701A6651AC00D85C17 /* MyFirstAppTests */ = {
			isa = PBXNativeTarget;
			buildConfigurationList = B33E0E7E1A6651AC00D85C17 /* Build configuration list for PBXNativeTarget "MyFirstAppTests" */;
			buildPhases = (
				B33E0E6D1A6651AC00D85C17 /* Sources */,
				B33E0E6E1A6651AC00D85C17 /* Frameworks */,
				B33E0E6F1A6651AC00D85C17 /* Resources */,
			);
			buildRules = (
			);
			dependencies = (
				B33E0E731A6651AC00D85C17 /* PBXTargetDependency */,
			);
			name = MyFirstAppTests;
			productName = MyFirstAppTests;
			productReference = B33E0E711A6651AC00D85C17 /* MyFirstAppTests.xctest */;
			productType = "com.apple.product-type.bundle.unit-test";
		};
/* End PBXNativeTarget section */

/* Begin PBXProject section */
		B33E0E501A6651AC00D85C17 /* Project object */ = {
			isa = PBXProject;
			attributes = {
				LastUpgradeCheck = 0610;
				ORGANIZATIONNAME = "Gilbert Kimetto";
				TargetAttributes = {
					B33E0E571A6651AC00D85C17 = {
						CreatedOnToolsVersion = 6.1.1;
					};
					B33E0E701A6651AC00D85C17 = {
						CreatedOnToolsVersion = 6.1.1;
						TestTargetID = B33E0E571A6651AC00D85C17;
					};
				};
			};
			buildConfigurationList = B33E0E531A6651AC00D85C17 /* Build configuration list for PBXProject "MyFirstApp" */;
			compatibilityVersion = "Xcode 3.2";
			developmentRegion = English;
			hasScannedForEncodings = 0;
			knownRegions = (
				en,
				Base,
			);
			mainGroup = B33E0E4F1A6651AC00D85C17;
			productRefGroup = B33E0E591A6651AC00D85C17 /* Products */;
			projectDirPath = "";
			projectRoot = "";
			targets = (
				B33E0E571A6651AC00D85C17 /* MyFirstApp */,
				B33E0E701A6651AC00D85C17 /* MyFirstAppTests */,
			);
		};
/* End PBXProject section */

/* Begin PBXResourcesBuildPhase section */
		B33E0E561A6651AC00D85C17 /* Resources */ = {
			isa = PBXResourcesBuildPhase;
			buildActionMask = 2147483647;
			files = (
				B33E0E671A6651AC00D85C17 /* Main.storyboard in Resources */,
				B33E0E6C1A6651AC00D85C17 /* LaunchScreen.xib in Resources */,
				B33E0E691A6651AC00D85C17 /* Images.xcassets in Resources */,
			);
			runOnlyForDeploymentPostprocessing = 0;
		};
		B33E0E6F1A6651AC00D85C17 /* Resources */ = {
			isa = PBXResourcesBuildPhase;
			buildActionMask = 2147483647;
			files = (
			);
			runOnlyForDeploymentPostprocessing = 0;
		};
/* End PBXResourcesBuildPhase section */

/* Begin PBXSourcesBuildPhase section */
		B33E0E541A6651AC00D85C17 /* Sources */ = {
			isa = PBXSourcesBuildPhase;
			buildActionMask = 2147483647;
			files = (
				B33E0E641A6651AC00D85C17 /* ViewController.m in Sources */,
				B33E0E611A6651AC00D85C17 /* AppDelegate.m in Sources */,
				B33E0E5E1A6651AC00D85C17 /* main.m in Sources */,
			);
			runOnlyForDeploymentPostprocessing = 0;
		};
		B33E0E6D1A6651AC00D85C17 /* Sources */ = {
			isa = PBXSourcesBuildPhase;
			buildActionMask = 2147483647;
			files = (
				B33E0E781A6651AC00D85C17 /* MyFirstAppTests.m in Sources */,
			);
			runOnlyForDeploymentPostprocessing = 0;
		};
/* End PBXSourcesBuildPhase section */

/* Begin PBXTargetDependency section */
		B33E0E731A6651AC00D85C17 /* PBXTargetDependency */ = {
			isa = PBXTargetDependency;
			target = B33E0E571A6651AC00D85C17 /* MyFirstApp */;
			targetProxy = B33E0E721A6651AC00D85C17 /* PBXContainerItemProxy */;
		};
/* End PBXTargetDependency section */

/* Begin PBXVariantGroup section */
		B33E0E651A6651AC00D85C17 /* Main.storyboard */ = {
			isa = PBXVariantGroup;
			children = (
				B33E0E661A6651AC00D85C17 /* Base */,
			);
			name = Main.storyboard;
			sourceTree = "<group>";
		};
		B33E0E6A1A6651AC00D85C17 /* LaunchScreen.xib */ = {
			isa = PBXVariantGroup;
			children = (
				B33E0E6B1A6651AC00D85C17 /* Base */,
			);
			name = LaunchScreen.xib;
			sourceTree = "<group>";
		};
/* End PBXVariantGroup section */

/* Begin XCBuildConfiguration section */
		B33E0E791A6651AC00D85C17 /* Debug */ = {
			isa = XCBuildConfiguration;
			buildSettings = {
				ALWAYS_SEARCH_USER_PATHS = NO;
				CLANG_CXX_LANGUAGE_STANDARD = "gnu++0x";
				CLANG_CXX_LIBRARY = "libc++";
				CLANG_ENABLE_MODULES = YES;
				CLANG_ENABLE_OBJC_ARC = YES;
				CLANG_WARN_BOOL_CONVERSION = YES;
				CLANG_WARN_CONSTANT_CONVERSION = YES;
				CLANG_WARN_DIRECT_OBJC_ISA_USAGE = YES_ERROR;
				CLANG_WARN_EMPTY_BODY = YES;
				CLANG_WARN_ENUM_CONVERSION = YES;
				CLANG_WARN_INT_CONVERSION = YES;
				CLANG_WARN_OBJC_ROOT_CLASS = YES_ERROR;
				CLANG_WARN_UNREACHABLE_CODE = YES;
				CLANG_WARN__DUPLICATE_METHOD_MATCH = YES;
				"CODE_SIGN_IDENTITY[sdk=iphoneos*]" = "iPhone Developer";
				COPY_PHASE_STRIP = NO;
				ENABLE_STRICT_OBJC_MSGSEND = YES;
				GCC_C_LANGUAGE_STANDARD = gnu99;
				GCC_DYNAMIC_NO_PIC = NO;
				GCC_OPTIMIZATION_LEVEL = 0;
				GCC_PREPROCESSOR_DEFINITIONS = (
					"DEBUG=1",
					"$(inherited)",
				);
				GCC_SYMBOLS_PRIVATE_EXTERN = NO;
				GCC_WARN_64_TO_32_BIT_CONVERSION = YES;
				GCC_WARN_ABOUT_RETURN_TYPE = YES_ERROR;
				GCC_WARN_UNDECLARED_SELECTOR = YES;
				GCC_WARN_UNINITIALIZED_AUTOS = YES_AGGRESSIVE;
				GCC_WARN_UNUSED_FUNCTION = YES;
				GCC_WARN_UNUSED_VARIABLE = YES;
				IPHONEOS_DEPLOYMENT_TARGET = 8.1;
				MTL_ENABLE_DEBUG_INFO = YES;
				ONLY_ACTIVE_ARCH = YES;
				SDKROOT = iphoneos;
			};
			name = Debug;
		};
		B33E0E7A1A6651AC00D85C17 /* Release */ = {
			isa = XCBuildConfiguration;
			buildSettings = {
				ALWAYS_SEARCH_USER_PATHS = NO;
				CLANG_CXX_LANGUAGE_STANDARD = "gnu++0x";
				CLANG_CXX_LIBRARY = "libc++";
				CLANG_ENABLE_MODULES = YES;
				CLANG_ENABLE_OBJC_ARC = YES;
				CLANG_WARN_BOOL_CONVERSION = YES;
				CLANG_WARN_CONSTANT_CONVERSION = YES;
				CLANG_WARN_DIRECT_OBJC_ISA_USAGE = YES_ERROR;
				CLANG_WARN_EMPTY_BODY = YES;
				CLANG_WARN_ENUM_CONVERSION = YES;
				CLANG_WARN_INT_CONVERSION = YES;
				CLANG_WARN_OBJC_ROOT_CLASS = YES_ERROR;
				CLANG_WARN_UNREACHABLE_CODE = YES;
				CLANG_WARN__DUPLICATE_METHOD_MATCH = YES;
				"CODE_SIGN_IDENTITY[sdk=iphoneos*]" = "iPhone Developer";
				COPY_PHASE_STRIP = YES;
				ENABLE_NS_ASSERTIONS = NO;
				ENABLE_STRICT_OBJC_MSGSEND = YES;
				GCC_C_LANGUAGE_STANDARD = gnu99;
				GCC_WARN_64_TO_32_BIT_CONVERSION = YES;
				GCC_WARN_ABOUT_RETURN_TYPE = YES_ERROR;
				GCC_WARN_UNDECLARED_SELECTOR = YES;
				GCC_WARN_UNINITIALIZED_AUTOS = YES_AGGRESSIVE;
				GCC_WARN_UNUSED_FUNCTION = YES;
				GCC_WARN_UNUSED_VARIABLE = YES;
				IPHONEOS_DEPLOYMENT_TARGET = 8.1;
				MTL_ENABLE_DEBUG_INFO = NO;
				SDKROOT = iphoneos;
				VALIDATE_PRODUCT = YES;
			};
			name = Release;
		};
		B33E0E7C1A6651AC00D85C17 /* Debug */ = {
			isa = XCBuildConfiguration;
			buildSettings = {
				ASSETCATALOG_COMPILER_APPICON_NAME = AppIcon;
				INFOPLIST_FILE = MyFirstApp/Info.plist;
				LD_RUNPATH_SEARCH_PATHS = "$(inherited) @executable_path/Frameworks";
				PRODUCT_NAME = "$(TARGET_NAME)";
			};
			name = Debug;
		};
		B33E0E7D1A6651AC00D85C17 /* Release */ = {
			isa = XCBuildConfiguration;
			buildSettings = {
				ASSETCATALOG_COMPILER_APPICON_NAME = AppIcon;
				INFOPLIST_FILE = MyFirstApp/Info.plist;
				LD_RUNPATH_SEARCH_PATHS = "$(inherited) @executable_path/Frameworks";
				PRODUCT_NAME = "$(TARGET_NAME)";
			};
			name = Release;
		};
		B33E0E7F1A6651AC00D85C17 /* Debug */ = {
			isa = XCBuildConfiguration;
			buildSettings = {
				BUNDLE_LOADER = "$(TEST_HOST)";
				FRAMEWORK_SEARCH_PATHS = (
					"$(SDKROOT)/Developer/Library/Frameworks",
					"$(inherited)",
				);
				GCC_PREPROCESSOR_DEFINITIONS = (
					"DEBUG=1",
					"$(inherited)",
				);
				INFOPLIST_FILE = MyFirstAppTests/Info.plist;
				LD_RUNPATH_SEARCH_PATHS = "$(inherited) @executable_path/Frameworks @loader_path/Frameworks";
				PRODUCT_NAME = "$(TARGET_NAME)";
				TEST_HOST = "$(BUILT_PRODUCTS_DIR)/MyFirstApp.app/MyFirstApp";
			};
			name = Debug;
		};
		B33E0E801A6651AC00D85C17 /* Release */ = {
			isa = XCBuildConfiguration;
			buildSettings = {
				BUNDLE_LOADER = "$(TEST_HOST)";
				FRAMEWORK_SEARCH_PATHS = (
					"$(SDKROOT)/Developer/Library/Frameworks",
					"$(inherited)",
				);
				INFOPLIST_FILE = MyFirstAppTests/Info.plist;
				LD_RUNPATH_SEARCH_PATHS = "$(inherited) @executable_path/Frameworks @loader_path/Frameworks";
				PRODUCT_NAME = "$(TARGET_NAME)";
				TEST_HOST = "$(BUILT_PRODUCTS_DIR)/MyFirstApp.app/MyFirstApp";
			};
			name = Release;
		};
/* End XCBuildConfiguration section */

/* Begin XCConfigurationList section */
		B33E0E531A6651AC00D85C17 /* Build configuration list for PBXProject "MyFirstApp" */ = {
			isa = XCConfigurationList;
			buildConfigurations = (
				B33E0E791A6651AC00D85C17 /* Debug */,
				B33E0E7A1A6651AC00D85C17 /* Release */,
			);
			defaultConfigurationIsVisible = 0;
			defaultConfigurationName = Release;
		};
		B33E0E7B1A6651AC00D85C17 /* Build configuration list for PBXNativeTarget "MyFirstApp" */ = {
			isa = XCConfigurationList;
			buildConfigurations = (
				B33E0E7C1A6651AC00D85C17 /* Debug */,
				B33E0E7D1A6651AC00D85C17 /* Release */,
			);
			defaultConfigurationIsVisible = 0;
		};
		B33E0E7E1A6651AC00D85C17 /* Build configuration list for PBXNativeTarget "MyFirstAppTests" */ = {
			isa = XCConfigurationList;
			buildConfigurations = (
				B33E0E7F1A6651AC00D85C17 /* Debug */,
				B33E0E801A6651AC00D85C17 /* Release */,
			);
			defaultConfigurationIsVisible = 0;
		};
/* End XCConfigurationList section */
	};
	rootObject = B33E0E501A6651AC00D85C17 /* Project object */;
}
